
Microsoft Visual Studio Solution File, Format Version 12.00
# Visual Studio 2013
VisualStudioVersion = 12.0.40629.0
MinimumVisualStudioVersion = 10.0.40219.1
Project("{F2A71F9B-5D33-465A-A702-920D77279786}") = "TokiwaDb.Core", "TokiwaDb.Core\TokiwaDb.Core.fsproj", "{92728C7A-7754-4FEA-AE93-6DA2904C8DFB}"
EndProject
Project("{F2A71F9B-5D33-465A-A702-920D77279786}") = "TokiwaDb.Core.Test", "TokiwaDb.Core.Test\TokiwaDb.Core.Test.fsproj", "{538AA57B-113F-44F8-97B4-F564C524BFFC}"
EndProject
Global
	GlobalSection(SolutionConfigurationPlatforms) = preSolution
		Debug|Any CPU = Debug|Any CPU
		Release|Any CPU = Release|Any CPU
	EndGlobalSection
	GlobalSection(ProjectConfigurationPlatforms) = postSolution
		{92728C7A-7754-4FEA-AE93-6DA2904C8DFB}.Debug|Any CPU.ActiveCfg = Debug|Any CPU
		{92728C7A-7754-4FEA-AE93-6DA2904C8DFB}.Debug|Any CPU.Build.0 = Debug|Any CPU
		{92728C7A-7754-4FEA-AE93-6DA2904C8DFB}.Release|Any CPU.ActiveCfg = Release|Any CPU
		{92728C7A-7754-4FEA-AE93-6DA2904C8DFB}.Release|Any CPU.Build.0 = Release|Any CPU
		{538AA57B-113F-44F8-97B4-F564C524BFFC}.Debug|Any CPU.ActiveCfg = Debug|Any CPU
		{538AA57B-113F-44F8-97B4-F564C524BFFC}.Debug|Any CPU.Build.0 = Debug|Any CPU
		{538AA57B-113F-44F8-97B4-F564C524BFFC}.Release|Any CPU.ActiveCfg = Release|Any CPU
		{538AA57B-113F-44F8-97B4-F564C524BFFC}.Release|Any CPU.Build.0 = Release|Any CPU
	EndGlobalSection
	GlobalSection(SolutionProperties) = preSolution
		HideSolutionNode = FALSE
	EndGlobalSection
EndGlobal
